
Microsoft Visual Studio Solution File, Format Version 12.00
# Visual Studio Version 17
VisualStudioVersion = 17.9.34622.214
MinimumVisualStudioVersion = 10.0.40219.1
Project("{2150E333-8FDC-42A3-9474-1A3956D46DE8}") = "LancamentosService", "LancamentosService", "{16F03626-E12A-47BA-8A03-C3525A224308}"
EndProject
Project("{2150E333-8FDC-42A3-9474-1A3956D46DE8}") = "ConsolidadoService", "ConsolidadoService", "{31A6A2AC-10B9-42D1-AD1C-0D523748FDCD}"
EndProject
Project("{9A19103F-16F7-4668-BE54-9A1E7A4F7556}") = "LancamentosService.WebAPI", "LancamentosService\LancamentosWebAPI\LancamentosService.WebAPI.csproj", "{BD279882-44E9-429A-BB88-5A51EB795594}"
EndProject
Project("{9A19103F-16F7-4668-BE54-9A1E7A4F7556}") = "LancamentosService.Domain", "LancamentosService.Domain\LancamentosService.Domain.csproj", "{20D62183-3441-4BC0-BB9E-2FA64429B4DF}"
EndProject
Project("{9A19103F-16F7-4668-BE54-9A1E7A4F7556}") = "LancamentosService.Data", "LancamentosService.Data\LancamentosService.Data.csproj", "{A02F7236-98C9-44C5-8EE8-36503630EC73}"
EndProject
Project("{9A19103F-16F7-4668-BE54-9A1E7A4F7556}") = "LancamentosService.Business", "LancamentosService.Business\LancamentosService.Business.csproj", "{2E0102AD-F5D2-4508-88F2-77BEC6275162}"
EndProject
Project("{FAE04EC0-301F-11D3-BF4B-00C04F79EFBC}") = "LancamentosService.MessageBroker", "LancamentosService\LancamentosService.MessageBroker\LancamentosService.MessageBroker.csproj", "{CA7530F8-BBD7-4047-A230-CD892EBB8E7A}"
EndProject
Project("{FAE04EC0-301F-11D3-BF4B-00C04F79EFBC}") = "ConsolidadoService.Domain", "ConsolidadoService\ConsolidadoService.Domain\ConsolidadoService.Domain.csproj", "{EF622DF9-7F64-47F2-8FE4-2B595DCEBD33}"
EndProject
Project("{FAE04EC0-301F-11D3-BF4B-00C04F79EFBC}") = "ConsolidadoService.Data", "ConsolidadoService\ConsolidadoService.Data\ConsolidadoService.Data.csproj", "{A2E183E8-8B9B-44F8-A184-215519EAE4AD}"
EndProject
Project("{FAE04EC0-301F-11D3-BF4B-00C04F79EFBC}") = "ConsolidadoService.Business", "ConsolidadoService\ConsolidadoService.Business\ConsolidadoService.Business.csproj", "{DD1F6865-699B-4A64-B6A3-746DBD4FF770}"
EndProject
Project("{FAE04EC0-301F-11D3-BF4B-00C04F79EFBC}") = "ConsolidadoService.IoC", "ConsolidadoService.IoC\ConsolidadoService.IoC.csproj", "{CCA1E5D8-F595-4DDC-89E4-71F73F96398B}"
EndProject
Project("{FAE04EC0-301F-11D3-BF4B-00C04F79EFBC}") = "ConsolidadosService.WebAPI", "ConsolidadoService\ConsolidadosService.WebAPI\ConsolidadosService.WebAPI.csproj", "{CEF4CD30-60FE-4D99-8164-E86FF14DEE11}"
EndProject
Project("{9A19103F-16F7-4668-BE54-9A1E7A4F7556}") = "LancamentosService.IoC", "LancamentosService.IoC\LancamentosService.IoC.csproj", "{D63848C9-DE72-4546-B64B-B89A038E09A7}"
EndProject
Global
	GlobalSection(SolutionConfigurationPlatforms) = preSolution
		Debug|Any CPU = Debug|Any CPU
		Release|Any CPU = Release|Any CPU
	EndGlobalSection
	GlobalSection(ProjectConfigurationPlatforms) = postSolution
		{BD279882-44E9-429A-BB88-5A51EB795594}.Debug|Any CPU.ActiveCfg = Debug|Any CPU
		{BD279882-44E9-429A-BB88-5A51EB795594}.Debug|Any CPU.Build.0 = Debug|Any CPU
		{BD279882-44E9-429A-BB88-5A51EB795594}.Release|Any CPU.ActiveCfg = Release|Any CPU
		{BD279882-44E9-429A-BB88-5A51EB795594}.Release|Any CPU.Build.0 = Release|Any CPU
		{20D62183-3441-4BC0-BB9E-2FA64429B4DF}.Debug|Any CPU.ActiveCfg = Debug|Any CPU
		{20D62183-3441-4BC0-BB9E-2FA64429B4DF}.Debug|Any CPU.Build.0 = Debug|Any CPU
		{20D62183-3441-4BC0-BB9E-2FA64429B4DF}.Release|Any CPU.ActiveCfg = Release|Any CPU
		{20D62183-3441-4BC0-BB9E-2FA64429B4DF}.Release|Any CPU.Build.0 = Release|Any CPU
		{A02F7236-98C9-44C5-8EE8-36503630EC73}.Debug|Any CPU.ActiveCfg = Debug|Any CPU
		{A02F7236-98C9-44C5-8EE8-36503630EC73}.Debug|Any CPU.Build.0 = Debug|Any CPU
		{A02F7236-98C9-44C5-8EE8-36503630EC73}.Release|Any CPU.ActiveCfg = Release|Any CPU
		{A02F7236-98C9-44C5-8EE8-36503630EC73}.Release|Any CPU.Build.0 = Release|Any CPU
		{2E0102AD-F5D2-4508-88F2-77BEC6275162}.Debug|Any CPU.ActiveCfg = Debug|Any CPU
		{2E0102AD-F5D2-4508-88F2-77BEC6275162}.Debug|Any CPU.Build.0 = Debug|Any CPU
		{2E0102AD-F5D2-4508-88F2-77BEC6275162}.Release|Any CPU.ActiveCfg = Release|Any CPU
		{2E0102AD-F5D2-4508-88F2-77BEC6275162}.Release|Any CPU.Build.0 = Release|Any CPU
		{CA7530F8-BBD7-4047-A230-CD892EBB8E7A}.Debug|Any CPU.ActiveCfg = Debug|Any CPU
		{CA7530F8-BBD7-4047-A230-CD892EBB8E7A}.Debug|Any CPU.Build.0 = Debug|Any CPU
		{CA7530F8-BBD7-4047-A230-CD892EBB8E7A}.Release|Any CPU.ActiveCfg = Release|Any CPU
		{CA7530F8-BBD7-4047-A230-CD892EBB8E7A}.Release|Any CPU.Build.0 = Release|Any CPU
		{EF622DF9-7F64-47F2-8FE4-2B595DCEBD33}.Debug|Any CPU.ActiveCfg = Debug|Any CPU
		{EF622DF9-7F64-47F2-8FE4-2B595DCEBD33}.Debug|Any CPU.Build.0 = Debug|Any CPU
		{EF622DF9-7F64-47F2-8FE4-2B595DCEBD33}.Release|Any CPU.ActiveCfg = Release|Any CPU
		{EF622DF9-7F64-47F2-8FE4-2B595DCEBD33}.Release|Any CPU.Build.0 = Release|Any CPU
		{A2E183E8-8B9B-44F8-A184-215519EAE4AD}.Debug|Any CPU.ActiveCfg = Debug|Any CPU
		{A2E183E8-8B9B-44F8-A184-215519EAE4AD}.Debug|Any CPU.Build.0 = Debug|Any CPU
		{A2E183E8-8B9B-44F8-A184-215519EAE4AD}.Release|Any CPU.ActiveCfg = Release|Any CPU
		{A2E183E8-8B9B-44F8-A184-215519EAE4AD}.Release|Any CPU.Build.0 = Release|Any CPU
		{DD1F6865-699B-4A64-B6A3-746DBD4FF770}.Debug|Any CPU.ActiveCfg = Debug|Any CPU
		{DD1F6865-699B-4A64-B6A3-746DBD4FF770}.Debug|Any CPU.Build.0 = Debug|Any CPU
		{DD1F6865-699B-4A64-B6A3-746DBD4FF770}.Release|Any CPU.ActiveCfg = Release|Any CPU
		{DD1F6865-699B-4A64-B6A3-746DBD4FF770}.Release|Any CPU.Build.0 = Release|Any CPU
		{CCA1E5D8-F595-4DDC-89E4-71F73F96398B}.Debug|Any CPU.ActiveCfg = Debug|Any CPU
		{CCA1E5D8-F595-4DDC-89E4-71F73F96398B}.Debug|Any CPU.Build.0 = Debug|Any CPU
		{CCA1E5D8-F595-4DDC-89E4-71F73F96398B}.Release|Any CPU.ActiveCfg = Release|Any CPU
		{CCA1E5D8-F595-4DDC-89E4-71F73F96398B}.Release|Any CPU.Build.0 = Release|Any CPU
		{CEF4CD30-60FE-4D99-8164-E86FF14DEE11}.Debug|Any CPU.ActiveCfg = Debug|Any CPU
		{CEF4CD30-60FE-4D99-8164-E86FF14DEE11}.Debug|Any CPU.Build.0 = Debug|Any CPU
		{CEF4CD30-60FE-4D99-8164-E86FF14DEE11}.Release|Any CPU.ActiveCfg = Release|Any CPU
		{CEF4CD30-60FE-4D99-8164-E86FF14DEE11}.Release|Any CPU.Build.0 = Release|Any CPU
		{D63848C9-DE72-4546-B64B-B89A038E09A7}.Debug|Any CPU.ActiveCfg = Debug|Any CPU
		{D63848C9-DE72-4546-B64B-B89A038E09A7}.Debug|Any CPU.Build.0 = Debug|Any CPU
		{D63848C9-DE72-4546-B64B-B89A038E09A7}.Release|Any CPU.ActiveCfg = Release|Any CPU
		{D63848C9-DE72-4546-B64B-B89A038E09A7}.Release|Any CPU.Build.0 = Release|Any CPU
	EndGlobalSection
	GlobalSection(SolutionProperties) = preSolution
		HideSolutionNode = FALSE
	EndGlobalSection
	GlobalSection(NestedProjects) = preSolution
		{BD279882-44E9-429A-BB88-5A51EB795594} = {16F03626-E12A-47BA-8A03-C3525A224308}
		{20D62183-3441-4BC0-BB9E-2FA64429B4DF} = {16F03626-E12A-47BA-8A03-C3525A224308}
		{A02F7236-98C9-44C5-8EE8-36503630EC73} = {16F03626-E12A-47BA-8A03-C3525A224308}
		{2E0102AD-F5D2-4508-88F2-77BEC6275162} = {16F03626-E12A-47BA-8A03-C3525A224308}
		{CA7530F8-BBD7-4047-A230-CD892EBB8E7A} = {16F03626-E12A-47BA-8A03-C3525A224308}
		{EF622DF9-7F64-47F2-8FE4-2B595DCEBD33} = {31A6A2AC-10B9-42D1-AD1C-0D523748FDCD}
		{A2E183E8-8B9B-44F8-A184-215519EAE4AD} = {31A6A2AC-10B9-42D1-AD1C-0D523748FDCD}
		{DD1F6865-699B-4A64-B6A3-746DBD4FF770} = {31A6A2AC-10B9-42D1-AD1C-0D523748FDCD}
		{CCA1E5D8-F595-4DDC-89E4-71F73F96398B} = {31A6A2AC-10B9-42D1-AD1C-0D523748FDCD}
		{CEF4CD30-60FE-4D99-8164-E86FF14DEE11} = {31A6A2AC-10B9-42D1-AD1C-0D523748FDCD}
		{D63848C9-DE72-4546-B64B-B89A038E09A7} = {16F03626-E12A-47BA-8A03-C3525A224308}
	EndGlobalSection
	GlobalSection(ExtensibilityGlobals) = postSolution
		SolutionGuid = {8EB75532-50A3-4D78-B46B-CF2E9C008BF6}
	EndGlobalSection
EndGlobal
